# APM Lock File — do not edit manually
# Generated by install-apm-bundle
schema: https://ssg-ai-backbone.io/schemas/apm-lock/v1
version: "1.0.65"
mode: standard
provider: github-copilot
installed_at: "2026-07-21T09:13:32Z"
updated_at: "2026-07-21T09:13:32Z"
source:
  type: release
  package: ssg-ai-backbone
  archive: ssg-ai-backbone-copilot.tar.gz
  checksum: "31c1c69e93f0465e73c557126820a7a8c59bfa16d86bdbd7cd97a17d28c277ad"
